PODS:
  - AsyncSwift (2.0.0)
  - PullToRefresher (2.0.2)
  - Realm (2.0.3):
    - Realm/Headers (= 2.0.3)
  - Realm/Headers (2.0.3)
  - RealmSwift (2.0.3):
    - Realm (= 2.0.3)

DEPENDENCIES:
  - AsyncSwift
  - PullToRefresher
  - RealmSwift

SPEC CHECKSUMS:
  AsyncSwift: 6ba6ed9ecb51344458063f7c86fe447ab824e313
  PullToRefresher: 5e101a8c3523e67ee0291375ba932ef59e0853c2
  Realm: 5f008bfe3c8c47142eddfc30b8c1584cde22db24
  RealmSwift: 5afb451f65b682242f272dbb52d5c6f6e343c980

PODFILE CHECKSUM: 708eddf93a429079cd61e7222f3e6e13979132ee

COCOAPODS: 1.1.1
